{
  "version": "2",
  "remote": {
    "https://cdn.skypack.dev/-/lodash-es@v4.17.21-rDGl8YjBUjcrrAbjNrmo/dist=es2019,mode=imports/optimized/lodash-es.js": "4a1b35d34b5e0d3ae68aa46ddaabb9700ccecb75b830974db7c46a271f10daa8",
    "https://cdn.skypack.dev/lodash-es": "7dc1d11c01e46bf442774791267f7ca93f6cc204451ac648f2560b0cd6c91524"
  },
  "npm": {
    "specifiers": {
      "@types/lodash-es": "@types/lodash-es@4.17.6",
      "lodash-es": "lodash-es@4.17.21"
    },
    "packages": {
      "@types/lodash-es@4.17.6": {
        "integrity": "sha512-R+zTeVUKDdfoRxpAryaQNRKk3105Rrgx2CFRClIgRGaqDTdjsm8h6IYA8ir584W3ePzkZfst5xIgDwYrlh9HLg==",
        "dependencies": { "@types/lodash": "@types/lodash@4.14.191" }
      },
      "@types/lodash@4.14.191": {
        "integrity": "sha512-BdZ5BCCvho3EIXw6wUCXHe7rS53AIDPLE+JzwgT+OsJk53oBfbSmZZ7CX4VaRoN78N+TJpFi9QPlfIVNmJYWxQ==",
        "dependencies": {}
      },
      "lodash-es@4.17.21": {
        "integrity": "sha512-mKnC+QJ9pWVzv+C4/U3rRsHapFfHvQFoFB92e52xeyGMcX6/OlIl78je1u8vePzYZSkkogMPJ2yjxxsb89cxyw==",
        "dependencies": {}
      }
    }
  }
}
